{
  "name": "@canvas-js/chain-near",
  "version": "0.4.10",
  "lockfileVersion": 2,
  "requires": true,
  "packages": {
    "": {
      "name": "@canvas-js/chain-near",
      "version": "0.4.10",
      "dependencies": {
        "@canvas-js/interfaces": "0.4.10",
        "bs58": "^5.0.0",
        "near-api-js": "^2.1.3",
        "safe-stable-stringify": "^2.4.3",
        "tweetnacl": "^1.0.3"
      },
      "devDependencies": {
        "@types/bs58": "^4.0.1",
        "typescript": "^5.0.4"
      }
    },
    "node_modules/@canvas-js/interfaces": {
      "version": "0.4.10",
      "resolved": "https://registry.npmjs.org/@canvas-js/interfaces/-/interfaces-0.4.10.tgz",
      "integrity": "sha512-igutQrsHUPSFEZsmX2jftSUea4afF9FWLfkWEN0IJJUrIaYqPcHJ8ts1MuhmosTmG//XMmc2MYJENidI8wXMWg==",
      "dependencies": {
        "@libp2p/interfaces": "^3.3.1",
        "@noble/hashes": "^1.3.0",
        "safe-stable-stringify": "^2.4.3"
      }
    },
    "node_modules/@libp2p/interfaces": {
      "version": "3.3.1",
      "resolved": "https://registry.npmjs.org/@libp2p/interfaces/-/interfaces-3.3.1.tgz",
      "integrity": "sha512-3N+goQt74SmaVOjwpwMPKLNgh1uDQGw8GD12c40Kc86WOq0qvpm3NfACW+H8Su2X6KmWjCSMzk9JWs9+8FtUfg==",
      "engines": {
        "node": ">=16.0.0",
        "npm": ">=7.0.0"
      }
    },
    "node_modules/@near-js/accounts": {
      "version": "0.1.3",
      "resolved": "https://registry.npmjs.org/@near-js/accounts/-/accounts-0.1.3.tgz",
      "integrity": "sha512-rmS1/WwIAWlfSMxHlDN3Q0YLOAscfrU+fkg9PsNI0sdzvdJ+bmiFqAoXi6L3D3KWZemteIudVEXMcegjreHnMg==",
      "dependencies": {
        "@near-js/crypto": "0.0.4",
        "@near-js/providers": "0.0.6",
        "@near-js/signers": "0.0.4",
        "@near-js/transactions": "0.2.0",
        "@near-js/types": "0.0.4",
        "@near-js/utils": "0.0.4",
        "ajv": "^8.11.2",
        "ajv-formats": "^2.1.1",
        "bn.js": "5.2.1",
        "borsh": "^0.7.0",
        "depd": "^2.0.0",
        "near-abi": "0.1.1"
      }
    },
    "node_modules/@near-js/crypto": {
      "version": "0.0.4",
      "resolved": "https://registry.npmjs.org/@near-js/crypto/-/crypto-0.0.4.tgz",
      "integrity": "sha512-2mSIVv6mZway1rQvmkktrXAFoUvy7POjrHNH3LekKZCMCs7qMM/23Hz2+APgxZPqoV2kjarSNOEYJjxO7zQ/rQ==",
      "dependencies": {
        "@near-js/types": "0.0.4",
        "bn.js": "5.2.1",
        "borsh": "^0.7.0",
        "tweetnacl": "^1.0.1"
      }
    },
    "node_modules/@near-js/keystores": {
      "version": "0.0.4",
      "resolved": "https://registry.npmjs.org/@near-js/keystores/-/keystores-0.0.4.tgz",
      "integrity": "sha512-+vKafmDpQGrz5py1liot2hYSjPGXwihveeN+BL11aJlLqZnWBgYJUWCXG+uyGjGXZORuy2hzkKK6Hi+lbKOfVA==",
      "dependencies": {
        "@near-js/crypto": "0.0.4",
        "@near-js/types": "0.0.4"
      }
    },
    "node_modules/@near-js/keystores-browser": {
      "version": "0.0.4",
      "resolved": "https://registry.npmjs.org/@near-js/keystores-browser/-/keystores-browser-0.0.4.tgz",
      "integrity": "sha512-bzwClm3jNlWJrb8wqMunP3rrcG1hS3rD58KKhDvHXy8Dtg9VVUgrfr3Csu9oTnjG+rAPZGOynunaoOQVqju/Aw==",
      "dependencies": {
        "@near-js/crypto": "0.0.4",
        "@near-js/keystores": "0.0.4"
      }
    },
    "node_modules/@near-js/keystores-node": {
      "version": "0.0.4",
      "resolved": "https://registry.npmjs.org/@near-js/keystores-node/-/keystores-node-0.0.4.tgz",
      "integrity": "sha512-vOdVhAuQ8BVefEluj+TSNzjXHA/1xjEgK7pwBUA1kgpcY8/hZ0Jj4PcvPD17wQNSyP+NJF5H9ed3pP2h2VH+1A==",
      "dependencies": {
        "@near-js/crypto": "0.0.4",
        "@near-js/keystores": "0.0.4"
      }
    },
    "node_modules/@near-js/providers": {
      "version": "0.0.6",
      "resolved": "https://registry.npmjs.org/@near-js/providers/-/providers-0.0.6.tgz",
      "integrity": "sha512-PgWCcgDgCAgnyxq2IPZD2vbpQzXt4XK4cN2SbUZsDwJkBaDQEozXMnyShG/Ie2eRoz5aD9dRHpdLDpTieAw5kA==",
      "dependencies": {
        "@near-js/transactions": "0.2.0",
        "@near-js/types": "0.0.4",
        "@near-js/utils": "0.0.4",
        "bn.js": "5.2.1",
        "borsh": "^0.7.0",
        "http-errors": "^1.7.2"
      },
      "optionalDependencies": {
        "node-fetch": "^2.6.1"
      }
    },
    "node_modules/@near-js/signers": {
      "version": "0.0.4",
      "resolved": "https://registry.npmjs.org/@near-js/signers/-/signers-0.0.4.tgz",
      "integrity": "sha512-xCglo3U/WIGsz/izPGFMegS5Q3PxOHYB8a1E7RtVhNm5QdqTlQldLCm/BuMg2G/u1l1ZZ0wdvkqRTG9joauf3Q==",
      "dependencies": {
        "@near-js/crypto": "0.0.4",
        "@near-js/keystores": "0.0.4",
        "js-sha256": "^0.9.0"
      }
    },
    "node_modules/@near-js/transactions": {
      "version": "0.2.0",
      "resolved": "https://registry.npmjs.org/@near-js/transactions/-/transactions-0.2.0.tgz",
      "integrity": "sha512-ejcYkDz0tdQ40i/7ETV23fL5hp/pIiNXYmh4bNuZ9FjeowBODtlXGLqjG3wZbCygHCirJKilmVi5BtM+rh4ovQ==",
      "dependencies": {
        "@near-js/crypto": "0.0.4",
        "@near-js/signers": "0.0.4",
        "@near-js/types": "0.0.4",
        "@near-js/utils": "0.0.4",
        "bn.js": "5.2.1",
        "borsh": "^0.7.0",
        "js-sha256": "^0.9.0"
      }
    },
    "node_modules/@near-js/types": {
      "version": "0.0.4",
      "resolved": "https://registry.npmjs.org/@near-js/types/-/types-0.0.4.tgz",
      "integrity": "sha512-8TTMbLMnmyG06R5YKWuS/qFG1tOA3/9lX4NgBqQPsvaWmDsa+D+QwOkrEHDegped0ZHQwcjAXjKML1S1TyGYKg==",
      "dependencies": {
        "bn.js": "5.2.1"
      }
    },
    "node_modules/@near-js/utils": {
      "version": "0.0.4",
      "resolved": "https://registry.npmjs.org/@near-js/utils/-/utils-0.0.4.tgz",
      "integrity": "sha512-mPUEPJbTCMicGitjEGvQqOe8AS7O4KkRCxqd0xuE/X6gXF1jz1pYMZn4lNUeUz2C84YnVSGLAM0o9zcN6Y4hiA==",
      "dependencies": {
        "@near-js/types": "0.0.4",
        "bn.js": "5.2.1",
        "depd": "^2.0.0",
        "mustache": "^4.0.0"
      }
    },
    "node_modules/@near-js/wallet-account": {
      "version": "0.0.6",
      "resolved": "https://registry.npmjs.org/@near-js/wallet-account/-/wallet-account-0.0.6.tgz",
      "integrity": "sha512-oyxQM6tf2WG4it+8IMu0ZQ6pa4OQhF1o+Q33Rb2+4Mb1Fm+L7MO7PJoCPcveCIFYVPOjSVk0oyoz1KbE3y62gA==",
      "dependencies": {
        "@near-js/accounts": "0.1.3",
        "@near-js/crypto": "0.0.4",
        "@near-js/keystores": "0.0.4",
        "@near-js/signers": "0.0.4",
        "@near-js/transactions": "0.2.0",
        "@near-js/types": "0.0.4",
        "@near-js/utils": "0.0.4",
        "bn.js": "5.2.1",
        "borsh": "^0.7.0"
      }
    },
    "node_modules/@noble/hashes": {
      "version": "1.3.0",
      "resolved": "https://registry.npmjs.org/@noble/hashes/-/hashes-1.3.0.tgz",
      "integrity": "sha512-ilHEACi9DwqJB0pw7kv+Apvh50jiiSyR/cQ3y4W7lOR5mhvn/50FLUfsnfJz0BDZtl/RR16kXvptiv6q1msYZg==",
      "funding": [
        {
          "type": "individual",
          "url": "https://paulmillr.com/funding/"
        }
      ]
    },
    "node_modules/@types/bs58": {
      "version": "4.0.1",
      "resolved": "https://registry.npmjs.org/@types/bs58/-/bs58-4.0.1.tgz",
      "integrity": "sha512-yfAgiWgVLjFCmRv8zAcOIHywYATEwiTVccTLnRp6UxTNavT55M9d/uhK3T03St/+8/z/wW+CRjGKUNmEqoHHCA==",
      "dev": true,
      "dependencies": {
        "base-x": "^3.0.6"
      }
    },
    "node_modules/@types/json-schema": {
      "version": "7.0.11",
      "resolved": "https://registry.npmjs.org/@types/json-schema/-/json-schema-7.0.11.tgz",
      "integrity": "sha512-wOuvG1SN4Us4rez+tylwwwCV1psiNVOkJeM3AUWUNWg/jDQY2+HE/444y5gc+jBmRqASOm2Oeh5c1axHobwRKQ=="
    },
    "node_modules/ajv": {
      "version": "8.12.0",
      "resolved": "https://registry.npmjs.org/ajv/-/ajv-8.12.0.tgz",
      "integrity": "sha512-sRu1kpcO9yLtYxBKvqfTeh9KzZEwO3STyX1HT+4CaDzC6HpTGYhIhPIzj9XuKU7KYDwnaeh5hcOwjy1QuJzBPA==",
      "dependencies": {
        "fast-deep-equal": "^3.1.1",
        "json-schema-traverse": "^1.0.0",
        "require-from-string": "^2.0.2",
        "uri-js": "^4.2.2"
      },
      "funding": {
        "type": "github",
        "url": "https://github.com/sponsors/epoberezkin"
      }
    },
    "node_modules/ajv-formats": {
      "version": "2.1.1",
      "resolved": "https://registry.npmjs.org/ajv-formats/-/ajv-formats-2.1.1.tgz",
      "integrity": "sha512-Wx0Kx52hxE7C18hkMEggYlEifqWZtYaRgouJor+WMdPnQyEK13vgEWyVNup7SoeeoLMsr4kf5h6dOW11I15MUA==",
      "dependencies": {
        "ajv": "^8.0.0"
      },
      "peerDependencies": {
        "ajv": "^8.0.0"
      },
      "peerDependenciesMeta": {
        "ajv": {
          "optional": true
        }
      }
    },
    "node_modules/base-x": {
      "version": "3.0.9",
      "resolved": "https://registry.npmjs.org/base-x/-/base-x-3.0.9.tgz",
      "integrity": "sha512-H7JU6iBHTal1gp56aKoaa//YUxEaAOUiydvrV/pILqIHXTtqxSkATOnDA2u+jZ/61sD+L/412+7kzXRtWukhpQ==",
      "dependencies": {
        "safe-buffer": "^5.0.1"
      }
    },
    "node_modules/bn.js": {
      "version": "5.2.1",
      "resolved": "https://registry.npmjs.org/bn.js/-/bn.js-5.2.1.tgz",
      "integrity": "sha512-eXRvHzWyYPBuB4NBy0cmYQjGitUrtqwbvlzP3G6VFnNRbsZQIxQ10PbKKHt8gZ/HW/D/747aDl+QkDqg3KQLMQ=="
    },
    "node_modules/borsh": {
      "version": "0.7.0",
      "resolved": "https://registry.npmjs.org/borsh/-/borsh-0.7.0.tgz",
      "integrity": "sha512-CLCsZGIBCFnPtkNnieW/a8wmreDmfUtjU2m9yHrzPXIlNbqVs0AQrSatSG6vdNYUqdc83tkQi2eHfF98ubzQLA==",
      "dependencies": {
        "bn.js": "^5.2.0",
        "bs58": "^4.0.0",
        "text-encoding-utf-8": "^1.0.2"
      }
    },
    "node_modules/borsh/node_modules/bs58": {
      "version": "4.0.1",
      "resolved": "https://registry.npmjs.org/bs58/-/bs58-4.0.1.tgz",
      "integrity": "sha512-Ok3Wdf5vOIlBrgCvTq96gBkJw+JUEzdBgyaza5HLtPm7yTHkjRy8+JzNyHF7BHa0bNWOQIp3m5YF0nnFcOIKLw==",
      "dependencies": {
        "base-x": "^3.0.2"
      }
    },
    "node_modules/bs58": {
      "version": "5.0.0",
      "resolved": "https://registry.npmjs.org/bs58/-/bs58-5.0.0.tgz",
      "integrity": "sha512-r+ihvQJvahgYT50JD05dyJNKlmmSlMoOGwn1lCcEzanPglg7TxYjioQUYehQ9mAR/+hOSd2jRc/Z2y5UxBymvQ==",
      "dependencies": {
        "base-x": "^4.0.0"
      }
    },
    "node_modules/bs58/node_modules/base-x": {
      "version": "4.0.0",
      "resolved": "https://registry.npmjs.org/base-x/-/base-x-4.0.0.tgz",
      "integrity": "sha512-FuwxlW4H5kh37X/oW59pwTzzTKRzfrrQwhmyspRM7swOEZcHtDZSCt45U6oKgtuFE+WYPblePMVIPR4RZrh/hw=="
    },
    "node_modules/capability": {
      "version": "0.2.5",
      "resolved": "https://registry.npmjs.org/capability/-/capability-0.2.5.tgz",
      "integrity": "sha512-rsJZYVCgXd08sPqwmaIqjAd5SUTfonV0z/gDJ8D6cN8wQphky1kkAYEqQ+hmDxTw7UihvBfjUVUSY+DBEe44jg=="
    },
    "node_modules/depd": {
      "version": "2.0.0",
      "resolved": "https://registry.npmjs.org/depd/-/depd-2.0.0.tgz",
      "integrity": "sha512-g7nH6P6dyDioJogAAGprGpCtVImJhpPk/roCzdb3fIh61/s/nPsfR6onyMwkCAR/OlC3yBC0lESvUoQEAssIrw==",
      "engines": {
        "node": ">= 0.8"
      }
    },
    "node_modules/error-polyfill": {
      "version": "0.1.3",
      "resolved": "https://registry.npmjs.org/error-polyfill/-/error-polyfill-0.1.3.tgz",
      "integrity": "sha512-XHJk60ufE+TG/ydwp4lilOog549iiQF2OAPhkk9DdiYWMrltz5yhDz/xnKuenNwP7gy3dsibssO5QpVhkrSzzg==",
      "dependencies": {
        "capability": "^0.2.5",
        "o3": "^1.0.3",
        "u3": "^0.1.1"
      }
    },
    "node_modules/fast-deep-equal": {
      "version": "3.1.3",
      "resolved": "https://registry.npmjs.org/fast-deep-equal/-/fast-deep-equal-3.1.3.tgz",
      "integrity": "sha512-f3qQ9oQy9j2AhBe/H9VC91wLmKBCCU/gDOnKNAYG5hswO7BLKj09Hc5HYNz9cGI++xlpDCIgDaitVs03ATR84Q=="
    },
    "node_modules/http-errors": {
      "version": "1.8.1",
      "resolved": "https://registry.npmjs.org/http-errors/-/http-errors-1.8.1.tgz",
      "integrity": "sha512-Kpk9Sm7NmI+RHhnj6OIWDI1d6fIoFAtFt9RLaTMRlg/8w49juAStsrBgp0Dp4OdxdVbRIeKhtCUvoi/RuAhO4g==",
      "dependencies": {
        "depd": "~1.1.2",
        "inherits": "2.0.4",
        "setprototypeof": "1.2.0",
        "statuses": ">= 1.5.0 < 2",
        "toidentifier": "1.0.1"
      },
      "engines": {
        "node": ">= 0.6"
      }
    },
    "node_modules/http-errors/node_modules/depd": {
      "version": "1.1.2",
      "resolved": "https://registry.npmjs.org/depd/-/depd-1.1.2.tgz",
      "integrity": "sha512-7emPTl6Dpo6JRXOXjLRxck+FlLRX5847cLKEn00PLAgc3g2hTZZgr+e4c2v6QpSmLeFP3n5yUo7ft6avBK/5jQ==",
      "engines": {
        "node": ">= 0.6"
      }
    },
    "node_modules/inherits": {
      "version": "2.0.4",
      "resolved": "https://registry.npmjs.org/inherits/-/inherits-2.0.4.tgz",
      "integrity": "sha512-k/vGaX4/Yla3WzyMCvTQOXYeIHvqOKtnqBduzTHpzpQZzAskKMhZ2K+EnBiSM9zGSoIFeMpXKxa4dYeZIQqewQ=="
    },
    "node_modules/js-sha256": {
      "version": "0.9.0",
      "resolved": "https://registry.npmjs.org/js-sha256/-/js-sha256-0.9.0.tgz",
      "integrity": "sha512-sga3MHh9sgQN2+pJ9VYZ+1LPwXOxuBJBA5nrR5/ofPfuiJBE2hnjsaN8se8JznOmGLN2p49Pe5U/ttafcs/apA=="
    },
    "node_modules/json-schema-traverse": {
      "version": "1.0.0",
      "resolved": "https://registry.npmjs.org/json-schema-traverse/-/json-schema-traverse-1.0.0.tgz",
      "integrity": "sha512-NM8/P9n3XjXhIZn1lLhkFaACTOURQXjWhV4BA/RnOv8xvgqtqpAX9IO4mRQxSx1Rlo4tqzeqb0sOlruaOy3dug=="
    },
    "node_modules/mustache": {
      "version": "4.2.0",
      "resolved": "https://registry.npmjs.org/mustache/-/mustache-4.2.0.tgz",
      "integrity": "sha512-71ippSywq5Yb7/tVYyGbkBggbU8H3u5Rz56fH60jGFgr8uHwxs+aSKeqmluIVzM0m0kB7xQjKS6qPfd0b2ZoqQ==",
      "bin": {
        "mustache": "bin/mustache"
      }
    },
    "node_modules/near-abi": {
      "version": "0.1.1",
      "resolved": "https://registry.npmjs.org/near-abi/-/near-abi-0.1.1.tgz",
      "integrity": "sha512-RVDI8O+KVxRpC3KycJ1bpfVj9Zv+xvq9PlW1yIFl46GhrnLw83/72HqHGjGDjQ8DtltkcpSjY9X3YIGZ+1QyzQ==",
      "dependencies": {
        "@types/json-schema": "^7.0.11"
      }
    },
    "node_modules/near-api-js": {
      "version": "2.1.3",
      "resolved": "https://registry.npmjs.org/near-api-js/-/near-api-js-2.1.3.tgz",
      "integrity": "sha512-ggCQE/oGrrbr9dEtXZ9QU7XAf6RgISs+bfD7Q5I2QsQN45XgV85IA4c8KDLzo66u7FTX39gubKz3Ghieo6D7YA==",
      "dependencies": {
        "@near-js/accounts": "0.1.3",
        "@near-js/crypto": "0.0.4",
        "@near-js/keystores": "0.0.4",
        "@near-js/keystores-browser": "0.0.4",
        "@near-js/keystores-node": "0.0.4",
        "@near-js/providers": "0.0.6",
        "@near-js/signers": "0.0.4",
        "@near-js/transactions": "0.2.0",
        "@near-js/types": "0.0.4",
        "@near-js/utils": "0.0.4",
        "@near-js/wallet-account": "0.0.6",
        "ajv": "^8.11.2",
        "ajv-formats": "^2.1.1",
        "bn.js": "5.2.1",
        "borsh": "^0.7.0",
        "depd": "^2.0.0",
        "error-polyfill": "^0.1.3",
        "http-errors": "^1.7.2",
        "near-abi": "0.1.1",
        "node-fetch": "^2.6.1",
        "tweetnacl": "^1.0.1"
      }
    },
    "node_modules/node-fetch": {
      "version": "2.6.9",
      "resolved": "https://registry.npmjs.org/node-fetch/-/node-fetch-2.6.9.tgz",
      "integrity": "sha512-DJm/CJkZkRjKKj4Zi4BsKVZh3ValV5IR5s7LVZnW+6YMh0W1BfNA8XSs6DLMGYlId5F3KnA70uu2qepcR08Qqg==",
      "dependencies": {
        "whatwg-url": "^5.0.0"
      },
      "engines": {
        "node": "4.x || >=6.0.0"
      },
      "peerDependencies": {
        "encoding": "^0.1.0"
      },
      "peerDependenciesMeta": {
        "encoding": {
          "optional": true
        }
      }
    },
    "node_modules/o3": {
      "version": "1.0.3",
      "resolved": "https://registry.npmjs.org/o3/-/o3-1.0.3.tgz",
      "integrity": "sha512-f+4n+vC6s4ysy7YO7O2gslWZBUu8Qj2i2OUJOvjRxQva7jVjYjB29jrr9NCjmxZQR0gzrOcv1RnqoYOeMs5VRQ==",
      "dependencies": {
        "capability": "^0.2.5"
      }
    },
    "node_modules/punycode": {
      "version": "2.3.0",
      "resolved": "https://registry.npmjs.org/punycode/-/punycode-2.3.0.tgz",
      "integrity": "sha512-rRV+zQD8tVFys26lAGR9WUuS4iUAngJScM+ZRSKtvl5tKeZ2t5bvdNFdNHBW9FWR4guGHlgmsZ1G7BSm2wTbuA==",
      "engines": {
        "node": ">=6"
      }
    },
    "node_modules/require-from-string": {
      "version": "2.0.2",
      "resolved": "https://registry.npmjs.org/require-from-string/-/require-from-string-2.0.2.tgz",
      "integrity": "sha512-Xf0nWe6RseziFMu+Ap9biiUbmplq6S9/p+7w7YXP/JBHhrUDDUhwa+vANyubuqfZWTveU//DYVGsDG7RKL/vEw==",
      "engines": {
        "node": ">=0.10.0"
      }
    },
    "node_modules/safe-buffer": {
      "version": "5.2.1",
      "resolved": "https://registry.npmjs.org/safe-buffer/-/safe-buffer-5.2.1.tgz",
      "integrity": "sha512-rp3So07KcdmmKbGvgaNxQSJr7bGVSVk5S9Eq1F+ppbRo70+YeaDxkw5Dd8NPN+GD6bjnYm2VuPuCXmpuYvmCXQ==",
      "funding": [
        {
          "type": "github",
          "url": "https://github.com/sponsors/feross"
        },
        {
          "type": "patreon",
          "url": "https://www.patreon.com/feross"
        },
        {
          "type": "consulting",
          "url": "https://feross.org/support"
        }
      ]
    },
    "node_modules/safe-stable-stringify": {
      "version": "2.4.3",
      "resolved": "https://registry.npmjs.org/safe-stable-stringify/-/safe-stable-stringify-2.4.3.tgz",
      "integrity": "sha512-e2bDA2WJT0wxseVd4lsDP4+3ONX6HpMXQa1ZhFQ7SU+GjvORCmShbCMltrtIDfkYhVHrOcPtj+KhmDBdPdZD1g==",
      "engines": {
        "node": ">=10"
      }
    },
    "node_modules/setprototypeof": {
      "version": "1.2.0",
      "resolved": "https://registry.npmjs.org/setprototypeof/-/setprototypeof-1.2.0.tgz",
      "integrity": "sha512-E5LDX7Wrp85Kil5bhZv46j8jOeboKq5JMmYM3gVGdGH8xFpPWXUMsNrlODCrkoxMEeNi/XZIwuRvY4XNwYMJpw=="
    },
    "node_modules/statuses": {
      "version": "1.5.0",
      "resolved": "https://registry.npmjs.org/statuses/-/statuses-1.5.0.tgz",
      "integrity": "sha512-OpZ3zP+jT1PI7I8nemJX4AKmAX070ZkYPVWV/AaKTJl+tXCTGyVdC1a4SL8RUQYEwk/f34ZX8UTykN68FwrqAA==",
      "engines": {
        "node": ">= 0.6"
      }
    },
    "node_modules/text-encoding-utf-8": {
      "version": "1.0.2",
      "resolved": "https://registry.npmjs.org/text-encoding-utf-8/-/text-encoding-utf-8-1.0.2.tgz",
      "integrity": "sha512-8bw4MY9WjdsD2aMtO0OzOCY3pXGYNx2d2FfHRVUKkiCPDWjKuOlhLVASS+pD7VkLTVjW268LYJHwsnPFlBpbAg=="
    },
    "node_modules/toidentifier": {
      "version": "1.0.1",
      "resolved": "https://registry.npmjs.org/toidentifier/-/toidentifier-1.0.1.tgz",
      "integrity": "sha512-o5sSPKEkg/DIQNmH43V0/uerLrpzVedkUh8tGNvaeXpfpuwjKenlSox/2O/BTlZUtEe+JG7s5YhEz608PlAHRA==",
      "engines": {
        "node": ">=0.6"
      }
    },
    "node_modules/tr46": {
      "version": "0.0.3",
      "resolved": "https://registry.npmjs.org/tr46/-/tr46-0.0.3.tgz",
      "integrity": "sha512-N3WMsuqV66lT30CrXNbEjx4GEwlow3v6rr4mCcv6prnfwhS01rkgyFdjPNBYd9br7LpXV1+Emh01fHnq2Gdgrw=="
    },
    "node_modules/tweetnacl": {
      "version": "1.0.3",
      "resolved": "https://registry.npmjs.org/tweetnacl/-/tweetnacl-1.0.3.tgz",
      "integrity": "sha512-6rt+RN7aOi1nGMyC4Xa5DdYiukl2UWCbcJft7YhxReBGQD7OAM8Pbxw6YMo4r2diNEA8FEmu32YOn9rhaiE5yw=="
    },
    "node_modules/typescript": {
      "version": "5.0.4",
      "resolved": "https://registry.npmjs.org/typescript/-/typescript-5.0.4.tgz",
      "integrity": "sha512-cW9T5W9xY37cc+jfEnaUvX91foxtHkza3Nw3wkoF4sSlKn0MONdkdEndig/qPBWXNkmplh3NzayQzCiHM4/hqw==",
      "dev": true,
      "bin": {
        "tsc": "bin/tsc",
        "tsserver": "bin/tsserver"
      },
      "engines": {
        "node": ">=12.20"
      }
    },
    "node_modules/u3": {
      "version": "0.1.1",
      "resolved": "https://registry.npmjs.org/u3/-/u3-0.1.1.tgz",
      "integrity": "sha512-+J5D5ir763y+Am/QY6hXNRlwljIeRMZMGs0cT6qqZVVzzT3X3nFPXVyPOFRMOR4kupB0T8JnCdpWdp6Q/iXn3w=="
    },
    "node_modules/uri-js": {
      "version": "4.4.1",
      "resolved": "https://registry.npmjs.org/uri-js/-/uri-js-4.4.1.tgz",
      "integrity": "sha512-7rKUyy33Q1yc98pQ1DAmLtwX109F7TIfWlW1Ydo8Wl1ii1SeHieeh0HHfPeL2fMXK6z0s8ecKs9frCuLJvndBg==",
      "dependencies": {
        "punycode": "^2.1.0"
      }
    },
    "node_modules/webidl-conversions": {
      "version": "3.0.1",
      "resolved": "https://registry.npmjs.org/webidl-conversions/-/webidl-conversions-3.0.1.tgz",
      "integrity": "sha512-2JAn3z8AR6rjK8Sm8orRC0h/bcl/DqL7tRPdGZ4I1CjdF+EaMLmYxBHyXuKL849eucPFhvBoxMsflfOb8kxaeQ=="
    },
    "node_modules/whatwg-url": {
      "version": "5.0.0",
      "resolved": "https://registry.npmjs.org/whatwg-url/-/whatwg-url-5.0.0.tgz",
      "integrity": "sha512-saE57nupxk6v3HY35+jzBwYa0rKSy0XR8JSxZPwgLr7ys0IBzhGviA1/TUGJLmSVqs8pb9AnvICXEuOHLprYTw==",
      "dependencies": {
        "tr46": "~0.0.3",
        "webidl-conversions": "^3.0.0"
      }
    }
  },
  "dependencies": {
    "@canvas-js/interfaces": {
      "version": "0.4.10",
      "resolved": "https://registry.npmjs.org/@canvas-js/interfaces/-/interfaces-0.4.10.tgz",
      "integrity": "sha512-igutQrsHUPSFEZsmX2jftSUea4afF9FWLfkWEN0IJJUrIaYqPcHJ8ts1MuhmosTmG//XMmc2MYJENidI8wXMWg==",
      "requires": {
        "@libp2p/interfaces": "^3.3.1",
        "@noble/hashes": "^1.3.0",
        "safe-stable-stringify": "^2.4.3"
      }
    },
    "@libp2p/interfaces": {
      "version": "3.3.1",
      "resolved": "https://registry.npmjs.org/@libp2p/interfaces/-/interfaces-3.3.1.tgz",
      "integrity": "sha512-3N+goQt74SmaVOjwpwMPKLNgh1uDQGw8GD12c40Kc86WOq0qvpm3NfACW+H8Su2X6KmWjCSMzk9JWs9+8FtUfg=="
    },
    "@near-js/accounts": {
      "version": "0.1.3",
      "resolved": "https://registry.npmjs.org/@near-js/accounts/-/accounts-0.1.3.tgz",
      "integrity": "sha512-rmS1/WwIAWlfSMxHlDN3Q0YLOAscfrU+fkg9PsNI0sdzvdJ+bmiFqAoXi6L3D3KWZemteIudVEXMcegjreHnMg==",
      "requires": {
        "@near-js/crypto": "0.0.4",
        "@near-js/providers": "0.0.6",
        "@near-js/signers": "0.0.4",
        "@near-js/transactions": "0.2.0",
        "@near-js/types": "0.0.4",
        "@near-js/utils": "0.0.4",
        "ajv": "^8.11.2",
        "ajv-formats": "^2.1.1",
        "bn.js": "5.2.1",
        "borsh": "^0.7.0",
        "depd": "^2.0.0",
        "near-abi": "0.1.1"
      }
    },
    "@near-js/crypto": {
      "version": "0.0.4",
      "resolved": "https://registry.npmjs.org/@near-js/crypto/-/crypto-0.0.4.tgz",
      "integrity": "sha512-2mSIVv6mZway1rQvmkktrXAFoUvy7POjrHNH3LekKZCMCs7qMM/23Hz2+APgxZPqoV2kjarSNOEYJjxO7zQ/rQ==",
      "requires": {
        "@near-js/types": "0.0.4",
        "bn.js": "5.2.1",
        "borsh": "^0.7.0",
        "tweetnacl": "^1.0.1"
      }
    },
    "@near-js/keystores": {
      "version": "0.0.4",
      "resolved": "https://registry.npmjs.org/@near-js/keystores/-/keystores-0.0.4.tgz",
      "integrity": "sha512-+vKafmDpQGrz5py1liot2hYSjPGXwihveeN+BL11aJlLqZnWBgYJUWCXG+uyGjGXZORuy2hzkKK6Hi+lbKOfVA==",
      "requires": {
        "@near-js/crypto": "0.0.4",
        "@near-js/types": "0.0.4"
      }
    },
    "@near-js/keystores-browser": {
      "version": "0.0.4",
      "resolved": "https://registry.npmjs.org/@near-js/keystores-browser/-/keystores-browser-0.0.4.tgz",
      "integrity": "sha512-bzwClm3jNlWJrb8wqMunP3rrcG1hS3rD58KKhDvHXy8Dtg9VVUgrfr3Csu9oTnjG+rAPZGOynunaoOQVqju/Aw==",
      "requires": {
        "@near-js/crypto": "0.0.4",
        "@near-js/keystores": "0.0.4"
      }
    },
    "@near-js/keystores-node": {
      "version": "0.0.4",
      "resolved": "https://registry.npmjs.org/@near-js/keystores-node/-/keystores-node-0.0.4.tgz",
      "integrity": "sha512-vOdVhAuQ8BVefEluj+TSNzjXHA/1xjEgK7pwBUA1kgpcY8/hZ0Jj4PcvPD17wQNSyP+NJF5H9ed3pP2h2VH+1A==",
      "requires": {
        "@near-js/crypto": "0.0.4",
        "@near-js/keystores": "0.0.4"
      }
    },
    "@near-js/providers": {
      "version": "0.0.6",
      "resolved": "https://registry.npmjs.org/@near-js/providers/-/providers-0.0.6.tgz",
      "integrity": "sha512-PgWCcgDgCAgnyxq2IPZD2vbpQzXt4XK4cN2SbUZsDwJkBaDQEozXMnyShG/Ie2eRoz5aD9dRHpdLDpTieAw5kA==",
      "requires": {
        "@near-js/transactions": "0.2.0",
        "@near-js/types": "0.0.4",
        "@near-js/utils": "0.0.4",
        "bn.js": "5.2.1",
        "borsh": "^0.7.0",
        "http-errors": "^1.7.2",
        "node-fetch": "^2.6.1"
      }
    },
    "@near-js/signers": {
      "version": "0.0.4",
      "resolved": "https://registry.npmjs.org/@near-js/signers/-/signers-0.0.4.tgz",
      "integrity": "sha512-xCglo3U/WIGsz/izPGFMegS5Q3PxOHYB8a1E7RtVhNm5QdqTlQldLCm/BuMg2G/u1l1ZZ0wdvkqRTG9joauf3Q==",
      "requires": {
        "@near-js/crypto": "0.0.4",
        "@near-js/keystores": "0.0.4",
        "js-sha256": "^0.9.0"
      }
    },
    "@near-js/transactions": {
      "version": "0.2.0",
      "resolved": "https://registry.npmjs.org/@near-js/transactions/-/transactions-0.2.0.tgz",
      "integrity": "sha512-ejcYkDz0tdQ40i/7ETV23fL5hp/pIiNXYmh4bNuZ9FjeowBODtlXGLqjG3wZbCygHCirJKilmVi5BtM+rh4ovQ==",
      "requires": {
        "@near-js/crypto": "0.0.4",
        "@near-js/signers": "0.0.4",
        "@near-js/types": "0.0.4",
        "@near-js/utils": "0.0.4",
        "bn.js": "5.2.1",
        "borsh": "^0.7.0",
        "js-sha256": "^0.9.0"
      }
    },
    "@near-js/types": {
      "version": "0.0.4",
      "resolved": "https://registry.npmjs.org/@near-js/types/-/types-0.0.4.tgz",
      "integrity": "sha512-8TTMbLMnmyG06R5YKWuS/qFG1tOA3/9lX4NgBqQPsvaWmDsa+D+QwOkrEHDegped0ZHQwcjAXjKML1S1TyGYKg==",
      "requires": {
        "bn.js": "5.2.1"
      }
    },
    "@near-js/utils": {
      "version": "0.0.4",
      "resolved": "https://registry.npmjs.org/@near-js/utils/-/utils-0.0.4.tgz",
      "integrity": "sha512-mPUEPJbTCMicGitjEGvQqOe8AS7O4KkRCxqd0xuE/X6gXF1jz1pYMZn4lNUeUz2C84YnVSGLAM0o9zcN6Y4hiA==",
      "requires": {
        "@near-js/types": "0.0.4",
        "bn.js": "5.2.1",
        "depd": "^2.0.0",
        "mustache": "^4.0.0"
      }
    },
    "@near-js/wallet-account": {
      "version": "0.0.6",
      "resolved": "https://registry.npmjs.org/@near-js/wallet-account/-/wallet-account-0.0.6.tgz",
      "integrity": "sha512-oyxQM6tf2WG4it+8IMu0ZQ6pa4OQhF1o+Q33Rb2+4Mb1Fm+L7MO7PJoCPcveCIFYVPOjSVk0oyoz1KbE3y62gA==",
      "requires": {
        "@near-js/accounts": "0.1.3",
        "@near-js/crypto": "0.0.4",
        "@near-js/keystores": "0.0.4",
        "@near-js/signers": "0.0.4",
        "@near-js/transactions": "0.2.0",
        "@near-js/types": "0.0.4",
        "@near-js/utils": "0.0.4",
        "bn.js": "5.2.1",
        "borsh": "^0.7.0"
      }
    },
    "@noble/hashes": {
      "version": "1.3.0",
      "resolved": "https://registry.npmjs.org/@noble/hashes/-/hashes-1.3.0.tgz",
      "integrity": "sha512-ilHEACi9DwqJB0pw7kv+Apvh50jiiSyR/cQ3y4W7lOR5mhvn/50FLUfsnfJz0BDZtl/RR16kXvptiv6q1msYZg=="
    },
    "@types/bs58": {
      "version": "4.0.1",
      "resolved": "https://registry.npmjs.org/@types/bs58/-/bs58-4.0.1.tgz",
      "integrity": "sha512-yfAgiWgVLjFCmRv8zAcOIHywYATEwiTVccTLnRp6UxTNavT55M9d/uhK3T03St/+8/z/wW+CRjGKUNmEqoHHCA==",
      "dev": true,
      "requires": {
        "base-x": "^3.0.6"
      }
    },
    "@types/json-schema": {
      "version": "7.0.11",
      "resolved": "https://registry.npmjs.org/@types/json-schema/-/json-schema-7.0.11.tgz",
      "integrity": "sha512-wOuvG1SN4Us4rez+tylwwwCV1psiNVOkJeM3AUWUNWg/jDQY2+HE/444y5gc+jBmRqASOm2Oeh5c1axHobwRKQ=="
    },
    "ajv": {
      "version": "8.12.0",
      "resolved": "https://registry.npmjs.org/ajv/-/ajv-8.12.0.tgz",
      "integrity": "sha512-sRu1kpcO9yLtYxBKvqfTeh9KzZEwO3STyX1HT+4CaDzC6HpTGYhIhPIzj9XuKU7KYDwnaeh5hcOwjy1QuJzBPA==",
      "requires": {
        "fast-deep-equal": "^3.1.1",
        "json-schema-traverse": "^1.0.0",
        "require-from-string": "^2.0.2",
        "uri-js": "^4.2.2"
      }
    },
    "ajv-formats": {
      "version": "2.1.1",
      "resolved": "https://registry.npmjs.org/ajv-formats/-/ajv-formats-2.1.1.tgz",
      "integrity": "sha512-Wx0Kx52hxE7C18hkMEggYlEifqWZtYaRgouJor+WMdPnQyEK13vgEWyVNup7SoeeoLMsr4kf5h6dOW11I15MUA==",
      "requires": {
        "ajv": "^8.0.0"
      }
    },
    "base-x": {
      "version": "3.0.9",
      "resolved": "https://registry.npmjs.org/base-x/-/base-x-3.0.9.tgz",
      "integrity": "sha512-H7JU6iBHTal1gp56aKoaa//YUxEaAOUiydvrV/pILqIHXTtqxSkATOnDA2u+jZ/61sD+L/412+7kzXRtWukhpQ==",
      "requires": {
        "safe-buffer": "^5.0.1"
      }
    },
    "bn.js": {
      "version": "5.2.1",
      "resolved": "https://registry.npmjs.org/bn.js/-/bn.js-5.2.1.tgz",
      "integrity": "sha512-eXRvHzWyYPBuB4NBy0cmYQjGitUrtqwbvlzP3G6VFnNRbsZQIxQ10PbKKHt8gZ/HW/D/747aDl+QkDqg3KQLMQ=="
    },
    "borsh": {
      "version": "0.7.0",
      "resolved": "https://registry.npmjs.org/borsh/-/borsh-0.7.0.tgz",
      "integrity": "sha512-CLCsZGIBCFnPtkNnieW/a8wmreDmfUtjU2m9yHrzPXIlNbqVs0AQrSatSG6vdNYUqdc83tkQi2eHfF98ubzQLA==",
      "requires": {
        "bn.js": "^5.2.0",
        "bs58": "^4.0.0",
        "text-encoding-utf-8": "^1.0.2"
      },
      "dependencies": {
        "bs58": {
          "version": "4.0.1",
          "resolved": "https://registry.npmjs.org/bs58/-/bs58-4.0.1.tgz",
          "integrity": "sha512-Ok3Wdf5vOIlBrgCvTq96gBkJw+JUEzdBgyaza5HLtPm7yTHkjRy8+JzNyHF7BHa0bNWOQIp3m5YF0nnFcOIKLw==",
          "requires": {
            "base-x": "^3.0.2"
          }
        }
      }
    },
    "bs58": {
      "version": "5.0.0",
      "resolved": "https://registry.npmjs.org/bs58/-/bs58-5.0.0.tgz",
      "integrity": "sha512-r+ihvQJvahgYT50JD05dyJNKlmmSlMoOGwn1lCcEzanPglg7TxYjioQUYehQ9mAR/+hOSd2jRc/Z2y5UxBymvQ==",
      "requires": {
        "base-x": "^4.0.0"
      },
      "dependencies": {
        "base-x": {
          "version": "4.0.0",
          "resolved": "https://registry.npmjs.org/base-x/-/base-x-4.0.0.tgz",
          "integrity": "sha512-FuwxlW4H5kh37X/oW59pwTzzTKRzfrrQwhmyspRM7swOEZcHtDZSCt45U6oKgtuFE+WYPblePMVIPR4RZrh/hw=="
        }
      }
    },
    "capability": {
      "version": "0.2.5",
      "resolved": "https://registry.npmjs.org/capability/-/capability-0.2.5.tgz",
      "integrity": "sha512-rsJZYVCgXd08sPqwmaIqjAd5SUTfonV0z/gDJ8D6cN8wQphky1kkAYEqQ+hmDxTw7UihvBfjUVUSY+DBEe44jg=="
    },
    "depd": {
      "version": "2.0.0",
      "resolved": "https://registry.npmjs.org/depd/-/depd-2.0.0.tgz",
      "integrity": "sha512-g7nH6P6dyDioJogAAGprGpCtVImJhpPk/roCzdb3fIh61/s/nPsfR6onyMwkCAR/OlC3yBC0lESvUoQEAssIrw=="
    },
    "error-polyfill": {
      "version": "0.1.3",
      "resolved": "https://registry.npmjs.org/error-polyfill/-/error-polyfill-0.1.3.tgz",
      "integrity": "sha512-XHJk60ufE+TG/ydwp4lilOog549iiQF2OAPhkk9DdiYWMrltz5yhDz/xnKuenNwP7gy3dsibssO5QpVhkrSzzg==",
      "requires": {
        "capability": "^0.2.5",
        "o3": "^1.0.3",
        "u3": "^0.1.1"
      }
    },
    "fast-deep-equal": {
      "version": "3.1.3",
      "resolved": "https://registry.npmjs.org/fast-deep-equal/-/fast-deep-equal-3.1.3.tgz",
      "integrity": "sha512-f3qQ9oQy9j2AhBe/H9VC91wLmKBCCU/gDOnKNAYG5hswO7BLKj09Hc5HYNz9cGI++xlpDCIgDaitVs03ATR84Q=="
    },
    "http-errors": {
      "version": "1.8.1",
      "resolved": "https://registry.npmjs.org/http-errors/-/http-errors-1.8.1.tgz",
      "integrity": "sha512-Kpk9Sm7NmI+RHhnj6OIWDI1d6fIoFAtFt9RLaTMRlg/8w49juAStsrBgp0Dp4OdxdVbRIeKhtCUvoi/RuAhO4g==",
      "requires": {
        "depd": "~1.1.2",
        "inherits": "2.0.4",
        "setprototypeof": "1.2.0",
        "statuses": ">= 1.5.0 < 2",
        "toidentifier": "1.0.1"
      },
      "dependencies": {
        "depd": {
          "version": "1.1.2",
          "resolved": "https://registry.npmjs.org/depd/-/depd-1.1.2.tgz",
          "integrity": "sha512-7emPTl6Dpo6JRXOXjLRxck+FlLRX5847cLKEn00PLAgc3g2hTZZgr+e4c2v6QpSmLeFP3n5yUo7ft6avBK/5jQ=="
        }
      }
    },
    "inherits": {
      "version": "2.0.4",
      "resolved": "https://registry.npmjs.org/inherits/-/inherits-2.0.4.tgz",
      "integrity": "sha512-k/vGaX4/Yla3WzyMCvTQOXYeIHvqOKtnqBduzTHpzpQZzAskKMhZ2K+EnBiSM9zGSoIFeMpXKxa4dYeZIQqewQ=="
    },
    "js-sha256": {
      "version": "0.9.0",
      "resolved": "https://registry.npmjs.org/js-sha256/-/js-sha256-0.9.0.tgz",
      "integrity": "sha512-sga3MHh9sgQN2+pJ9VYZ+1LPwXOxuBJBA5nrR5/ofPfuiJBE2hnjsaN8se8JznOmGLN2p49Pe5U/ttafcs/apA=="
    },
    "json-schema-traverse": {
      "version": "1.0.0",
      "resolved": "https://registry.npmjs.org/json-schema-traverse/-/json-schema-traverse-1.0.0.tgz",
      "integrity": "sha512-NM8/P9n3XjXhIZn1lLhkFaACTOURQXjWhV4BA/RnOv8xvgqtqpAX9IO4mRQxSx1Rlo4tqzeqb0sOlruaOy3dug=="
    },
    "mustache": {
      "version": "4.2.0",
      "resolved": "https://registry.npmjs.org/mustache/-/mustache-4.2.0.tgz",
      "integrity": "sha512-71ippSywq5Yb7/tVYyGbkBggbU8H3u5Rz56fH60jGFgr8uHwxs+aSKeqmluIVzM0m0kB7xQjKS6qPfd0b2ZoqQ=="
    },
    "near-abi": {
      "version": "0.1.1",
      "resolved": "https://registry.npmjs.org/near-abi/-/near-abi-0.1.1.tgz",
      "integrity": "sha512-RVDI8O+KVxRpC3KycJ1bpfVj9Zv+xvq9PlW1yIFl46GhrnLw83/72HqHGjGDjQ8DtltkcpSjY9X3YIGZ+1QyzQ==",
      "requires": {
        "@types/json-schema": "^7.0.11"
      }
    },
    "near-api-js": {
      "version": "2.1.3",
      "resolved": "https://registry.npmjs.org/near-api-js/-/near-api-js-2.1.3.tgz",
      "integrity": "sha512-ggCQE/oGrrbr9dEtXZ9QU7XAf6RgISs+bfD7Q5I2QsQN45XgV85IA4c8KDLzo66u7FTX39gubKz3Ghieo6D7YA==",
      "requires": {
        "@near-js/accounts": "0.1.3",
        "@near-js/crypto": "0.0.4",
        "@near-js/keystores": "0.0.4",
        "@near-js/keystores-browser": "0.0.4",
        "@near-js/keystores-node": "0.0.4",
        "@near-js/providers": "0.0.6",
        "@near-js/signers": "0.0.4",
        "@near-js/transactions": "0.2.0",
        "@near-js/types": "0.0.4",
        "@near-js/utils": "0.0.4",
        "@near-js/wallet-account": "0.0.6",
        "ajv": "^8.11.2",
        "ajv-formats": "^2.1.1",
        "bn.js": "5.2.1",
        "borsh": "^0.7.0",
        "depd": "^2.0.0",
        "error-polyfill": "^0.1.3",
        "http-errors": "^1.7.2",
        "near-abi": "0.1.1",
        "node-fetch": "^2.6.1",
        "tweetnacl": "^1.0.1"
      }
    },
    "node-fetch": {
      "version": "2.6.9",
      "resolved": "https://registry.npmjs.org/node-fetch/-/node-fetch-2.6.9.tgz",
      "integrity": "sha512-DJm/CJkZkRjKKj4Zi4BsKVZh3ValV5IR5s7LVZnW+6YMh0W1BfNA8XSs6DLMGYlId5F3KnA70uu2qepcR08Qqg==",
      "requires": {
        "whatwg-url": "^5.0.0"
      }
    },
    "o3": {
      "version": "1.0.3",
      "resolved": "https://registry.npmjs.org/o3/-/o3-1.0.3.tgz",
      "integrity": "sha512-f+4n+vC6s4ysy7YO7O2gslWZBUu8Qj2i2OUJOvjRxQva7jVjYjB29jrr9NCjmxZQR0gzrOcv1RnqoYOeMs5VRQ==",
      "requires": {
        "capability": "^0.2.5"
      }
    },
    "punycode": {
      "version": "2.3.0",
      "resolved": "https://registry.npmjs.org/punycode/-/punycode-2.3.0.tgz",
      "integrity": "sha512-rRV+zQD8tVFys26lAGR9WUuS4iUAngJScM+ZRSKtvl5tKeZ2t5bvdNFdNHBW9FWR4guGHlgmsZ1G7BSm2wTbuA=="
    },
    "require-from-string": {
      "version": "2.0.2",
      "resolved": "https://registry.npmjs.org/require-from-string/-/require-from-string-2.0.2.tgz",
      "integrity": "sha512-Xf0nWe6RseziFMu+Ap9biiUbmplq6S9/p+7w7YXP/JBHhrUDDUhwa+vANyubuqfZWTveU//DYVGsDG7RKL/vEw=="
    },
    "safe-buffer": {
      "version": "5.2.1",
      "resolved": "https://registry.npmjs.org/safe-buffer/-/safe-buffer-5.2.1.tgz",
      "integrity": "sha512-rp3So07KcdmmKbGvgaNxQSJr7bGVSVk5S9Eq1F+ppbRo70+YeaDxkw5Dd8NPN+GD6bjnYm2VuPuCXmpuYvmCXQ=="
    },
    "safe-stable-stringify": {
      "version": "2.4.3",
      "resolved": "https://registry.npmjs.org/safe-stable-stringify/-/safe-stable-stringify-2.4.3.tgz",
      "integrity": "sha512-e2bDA2WJT0wxseVd4lsDP4+3ONX6HpMXQa1ZhFQ7SU+GjvORCmShbCMltrtIDfkYhVHrOcPtj+KhmDBdPdZD1g=="
    },
    "setprototypeof": {
      "version": "1.2.0",
      "resolved": "https://registry.npmjs.org/setprototypeof/-/setprototypeof-1.2.0.tgz",
      "integrity": "sha512-E5LDX7Wrp85Kil5bhZv46j8jOeboKq5JMmYM3gVGdGH8xFpPWXUMsNrlODCrkoxMEeNi/XZIwuRvY4XNwYMJpw=="
    },
    "statuses": {
      "version": "1.5.0",
      "resolved": "https://registry.npmjs.org/statuses/-/statuses-1.5.0.tgz",
      "integrity": "sha512-OpZ3zP+jT1PI7I8nemJX4AKmAX070ZkYPVWV/AaKTJl+tXCTGyVdC1a4SL8RUQYEwk/f34ZX8UTykN68FwrqAA=="
    },
    "text-encoding-utf-8": {
      "version": "1.0.2",
      "resolved": "https://registry.npmjs.org/text-encoding-utf-8/-/text-encoding-utf-8-1.0.2.tgz",
      "integrity": "sha512-8bw4MY9WjdsD2aMtO0OzOCY3pXGYNx2d2FfHRVUKkiCPDWjKuOlhLVASS+pD7VkLTVjW268LYJHwsnPFlBpbAg=="
    },
    "toidentifier": {
      "version": "1.0.1",
      "resolved": "https://registry.npmjs.org/toidentifier/-/toidentifier-1.0.1.tgz",
      "integrity": "sha512-o5sSPKEkg/DIQNmH43V0/uerLrpzVedkUh8tGNvaeXpfpuwjKenlSox/2O/BTlZUtEe+JG7s5YhEz608PlAHRA=="
    },
    "tr46": {
      "version": "0.0.3",
      "resolved": "https://registry.npmjs.org/tr46/-/tr46-0.0.3.tgz",
      "integrity": "sha512-N3WMsuqV66lT30CrXNbEjx4GEwlow3v6rr4mCcv6prnfwhS01rkgyFdjPNBYd9br7LpXV1+Emh01fHnq2Gdgrw=="
    },
    "tweetnacl": {
      "version": "1.0.3",
      "resolved": "https://registry.npmjs.org/tweetnacl/-/tweetnacl-1.0.3.tgz",
      "integrity": "sha512-6rt+RN7aOi1nGMyC4Xa5DdYiukl2UWCbcJft7YhxReBGQD7OAM8Pbxw6YMo4r2diNEA8FEmu32YOn9rhaiE5yw=="
    },
    "typescript": {
      "version": "5.0.4",
      "resolved": "https://registry.npmjs.org/typescript/-/typescript-5.0.4.tgz",
      "integrity": "sha512-cW9T5W9xY37cc+jfEnaUvX91foxtHkza3Nw3wkoF4sSlKn0MONdkdEndig/qPBWXNkmplh3NzayQzCiHM4/hqw==",
      "dev": true
    },
    "u3": {
      "version": "0.1.1",
      "resolved": "https://registry.npmjs.org/u3/-/u3-0.1.1.tgz",
      "integrity": "sha512-+J5D5ir763y+Am/QY6hXNRlwljIeRMZMGs0cT6qqZVVzzT3X3nFPXVyPOFRMOR4kupB0T8JnCdpWdp6Q/iXn3w=="
    },
    "uri-js": {
      "version": "4.4.1",
      "resolved": "https://registry.npmjs.org/uri-js/-/uri-js-4.4.1.tgz",
      "integrity": "sha512-7rKUyy33Q1yc98pQ1DAmLtwX109F7TIfWlW1Ydo8Wl1ii1SeHieeh0HHfPeL2fMXK6z0s8ecKs9frCuLJvndBg==",
      "requires": {
        "punycode": "^2.1.0"
      }
    },
    "webidl-conversions": {
      "version": "3.0.1",
      "resolved": "https://registry.npmjs.org/webidl-conversions/-/webidl-conversions-3.0.1.tgz",
      "integrity": "sha512-2JAn3z8AR6rjK8Sm8orRC0h/bcl/DqL7tRPdGZ4I1CjdF+EaMLmYxBHyXuKL849eucPFhvBoxMsflfOb8kxaeQ=="
    },
    "whatwg-url": {
      "version": "5.0.0",
      "resolved": "https://registry.npmjs.org/whatwg-url/-/whatwg-url-5.0.0.tgz",
      "integrity": "sha512-saE57nupxk6v3HY35+jzBwYa0rKSy0XR8JSxZPwgLr7ys0IBzhGviA1/TUGJLmSVqs8pb9AnvICXEuOHLprYTw==",
      "requires": {
        "tr46": "~0.0.3",
        "webidl-conversions": "^3.0.0"
      }
    }
  }
}
